
Microsoft Visual Studio Solution File, Format Version 12.00
# Visual Studio Version 17
VisualStudioVersion = 17.5.002.0
MinimumVisualStudioVersion = 10.0.40219.1
Project("{9A19103F-16F7-4668-BE54-9A1E7A4F7556}") = "trilha-net-api-desafio", "trilha-net-api-desafio.csproj", "{FF3551A0-3894-41F2-A933-EAA8AE4C6A3A}"
EndProject
Global
	GlobalSection(SolutionConfigurationPlatforms) = preSolution
		Debug|Any CPU = Debug|Any CPU
		Release|Any CPU = Release|Any CPU
	EndGlobalSection
	GlobalSection(ProjectConfigurationPlatforms) = postSolution
		{FF3551A0-3894-41F2-A933-EAA8AE4C6A3A}.Debug|Any CPU.ActiveCfg = Debug|Any CPU
		{FF3551A0-3894-41F2-A933-EAA8AE4C6A3A}.Debug|Any CPU.Build.0 = Debug|Any CPU
		{FF3551A0-3894-41F2-A933-EAA8AE4C6A3A}.Release|Any CPU.ActiveCfg = Release|Any CPU
		{FF3551A0-3894-41F2-A933-EAA8AE4C6A3A}.Release|Any CPU.Build.0 = Release|Any CPU
	EndGlobalSection
	GlobalSection(SolutionProperties) = preSolution
		HideSolutionNode = FALSE
	EndGlobalSection
	GlobalSection(ExtensibilityGlobals) = postSolution
		SolutionGuid = {329E9243-AAA0-44B6-B51B-DA1DE442F4EA}
	EndGlobalSection
EndGlobal
